
Microsoft Visual Studio Solution File, Format Version 12.00
# Visual Studio Version 17
VisualStudioVersion = 17.5.33424.131
MinimumVisualStudioVersion = 10.0.40219.1
Project("{FAE04EC0-301F-11D3-BF4B-00C04F79EFBC}") = "Password Generator & Storage", "Password Generator & Storage\Password Generator & Storage.csproj", "{B1EBB85F-C3E2-46AD-BEC3-CA49DBB0A22B}"
EndProject
Global
	GlobalSection(SolutionConfigurationPlatforms) = preSolution
		Debug|Any CPU = Debug|Any CPU
		Release|Any CPU = Release|Any CPU
	EndGlobalSection
	GlobalSection(ProjectConfigurationPlatforms) = postSolution
		{B1EBB85F-C3E2-46AD-BEC3-CA49DBB0A22B}.Debug|Any CPU.ActiveCfg = Debug|Any CPU
		{B1EBB85F-C3E2-46AD-BEC3-CA49DBB0A22B}.Debug|Any CPU.Build.0 = Debug|Any CPU
		{B1EBB85F-C3E2-46AD-BEC3-CA49DBB0A22B}.Release|Any CPU.ActiveCfg = Release|Any CPU
		{B1EBB85F-C3E2-46AD-BEC3-CA49DBB0A22B}.Release|Any CPU.Build.0 = Release|Any CPU
	EndGlobalSection
	GlobalSection(SolutionProperties) = preSolution
		HideSolutionNode = FALSE
	EndGlobalSection
	GlobalSection(ExtensibilityGlobals) = postSolution
		SolutionGuid = {4696E15D-7904-4BDF-9166-A96BF8395919}
	EndGlobalSection
EndGlobal
